{
  "name": "cbsdk",
  "version": "1.0.0",
  "lockfileVersion": 3,
  "requires": true,
  "packages": {
    "": {
      "name": "cbsdk",
      "version": "1.0.0",
      "license": "ISC",
      "dependencies": {
        "blocksdk": "^1.3.0"
      }
    },
    "node_modules/blocksdk": {
      "version": "1.3.0",
      "resolved": "https://registry.npmjs.org/blocksdk/-/blocksdk-1.3.0.tgz",
      "integrity": "sha512-KwTVGcdm2wBqqsMBmxyma+6d0T0rfTDThae1+sdfW9dYyEVOZ5+liV2wYexa996cU+bS+SEAX9P7J6IOgTmmjQ=="
    }
  }
}
